
Microsoft Visual Studio Solution File, Format Version 12.00
# Visual Studio Version 17
VisualStudioVersion = 17.5.33424.131
MinimumVisualStudioVersion = 10.0.40219.1
Project("{FAE04EC0-301F-11D3-BF4B-00C04F79EFBC}") = "Pracownicy", "Pracownicy\Pracownicy.csproj", "{4FAA01C8-57D1-4503-8E08-76D7C579716D}"
EndProject
Global
	GlobalSection(SolutionConfigurationPlatforms) = preSolution
		Debug|Any CPU = Debug|Any CPU
		Release|Any CPU = Release|Any CPU
	EndGlobalSection
	GlobalSection(ProjectConfigurationPlatforms) = postSolution
		{4FAA01C8-57D1-4503-8E08-76D7C579716D}.Debug|Any CPU.ActiveCfg = Debug|Any CPU
		{4FAA01C8-57D1-4503-8E08-76D7C579716D}.Debug|Any CPU.Build.0 = Debug|Any CPU
		{4FAA01C8-57D1-4503-8E08-76D7C579716D}.Release|Any CPU.ActiveCfg = Release|Any CPU
		{4FAA01C8-57D1-4503-8E08-76D7C579716D}.Release|Any CPU.Build.0 = Release|Any CPU
	EndGlobalSection
	GlobalSection(SolutionProperties) = preSolution
		HideSolutionNode = FALSE
	EndGlobalSection
	GlobalSection(ExtensibilityGlobals) = postSolution
		SolutionGuid = {986087B4-C4AE-4DDE-94B0-E2F3664A1D2D}
	EndGlobalSection
EndGlobal
